
Microsoft Visual Studio Solution File, Format Version 12.00
# Visual Studio Version 17
VisualStudioVersion = 17.6.33723.286
MinimumVisualStudioVersion = 10.0.40219.1
Project("{9A19103F-16F7-4668-BE54-9A1E7A4F7556}") = "QuizzBankBE", "QuizzBankBE\QuizzBankBE.csproj", "{051CCAC2-BD3C-4C42-9E59-5046540A24F3}"
EndProject
Project("{FAE04EC0-301F-11D3-BF4B-00C04F79EFBC}") = "QuizzBankBE.DataAccessLayer", "QuizzBankBE.DataAccessLayer\QuizzBankBE.DataAccessLayer.csproj", "{B5C7CFA8-3977-4B86-8115-2108461A6E84}"
EndProject
Global
	GlobalSection(SolutionConfigurationPlatforms) = preSolution
		Debug|Any CPU = Debug|Any CPU
		Release|Any CPU = Release|Any CPU
	EndGlobalSection
	GlobalSection(ProjectConfigurationPlatforms) = postSolution
		{051CCAC2-BD3C-4C42-9E59-5046540A24F3}.Debug|Any CPU.ActiveCfg = Debug|Any CPU
		{051CCAC2-BD3C-4C42-9E59-5046540A24F3}.Debug|Any CPU.Build.0 = Debug|Any CPU
		{051CCAC2-BD3C-4C42-9E59-5046540A24F3}.Release|Any CPU.ActiveCfg = Release|Any CPU
		{051CCAC2-BD3C-4C42-9E59-5046540A24F3}.Release|Any CPU.Build.0 = Release|Any CPU
		{B5C7CFA8-3977-4B86-8115-2108461A6E84}.Debug|Any CPU.ActiveCfg = Debug|Any CPU
		{B5C7CFA8-3977-4B86-8115-2108461A6E84}.Debug|Any CPU.Build.0 = Debug|Any CPU
		{B5C7CFA8-3977-4B86-8115-2108461A6E84}.Release|Any CPU.ActiveCfg = Release|Any CPU
		{B5C7CFA8-3977-4B86-8115-2108461A6E84}.Release|Any CPU.Build.0 = Release|Any CPU
	EndGlobalSection
	GlobalSection(SolutionProperties) = preSolution
		HideSolutionNode = FALSE
	EndGlobalSection
	GlobalSection(ExtensibilityGlobals) = postSolution
		SolutionGuid = {DC67ADF7-D6C9-445A-91AB-D0E4E6F36B06}
	EndGlobalSection
EndGlobal
